// !$*UTF8*$!
{
	archiveVersion = 1;
	classes = {
	};
	objectVersion = 46;
	objects = {

/* Begin PBXBuildFile section */
		2D5A28BB18CDDF7700AF781D /* Foundation.framework in Frameworks */ = {isa = PBXBuildFile; fileRef = 2D5A28BA18CDDF7700AF781D /* Foundation.framework */; };
		2D5A28C018CDDF7700AF781D /* linsanBaobao.h in CopyFiles */ = {isa = PBXBuildFile; fileRef = 2D5A28BF18CDDF7700AF781D /* linsanBaobao.h */; };
		2D5A28C218CDDF7700AF781D /* linsanBaobao.m in Sources */ = {isa = PBXBuildFile; fileRef = 2D5A28C118CDDF7700AF781D /* linsanBaobao.m */; };
		2D5A28C918CDDF7700AF781D /* XCTest.framework in Frameworks */ = {isa = PBXBuildFile; fileRef = 2D5A28C818CDDF7700AF781D /* XCTest.framework */; };
		2D5A28CA18CDDF7700AF781D /* Foundation.framework in Frameworks */ = {isa = PBXBuildFile; fileRef = 2D5A28BA18CDDF7700AF781D /* Foundation.framework */; };
		2D5A28CC18CDDF7700AF781D /* UIKit.framework in Frameworks */ = {isa = PBXBuildFile; fileRef = 2D5A28CB18CDDF7700AF781D /* UIKit.framework */; };
		2D5A28CF18CDDF7700AF781D /* liblinsanBaobao.a in Frameworks */ = {isa = PBXBuildFile; fileRef = 2D5A28B718CDDF7700AF781D /* liblinsanBaobao.a */; };
		2D5A28D518CDDF7700AF781D /* InfoPlist.strings in Resources */ = {isa = PBXBuildFile; fileRef = 2D5A28D318CDDF7700AF781D /* InfoPlist.strings */; };
		2D5A28D718CDDF7700AF781D /* linsanBaobaoTests.m in Sources */ = {isa = PBXBuildFile; fileRef = 2D5A28D618CDDF7700AF781D /* linsanBaobaoTests.m */; };
/* End PBXBuildFile section */

/* Begin PBXContainerItemProxy section */
		2D5A28CD18CDDF7700AF781D /* PBXContainerItemProxy */ = {
			isa = PBXContainerItemProxy;
			containerPortal = 2D5A28AF18CDDF7700AF781D /* Project object */;
			proxyType = 1;
			remoteGlobalIDString = 2D5A28B618CDDF7700AF781D;
			remoteInfo = linsanBaobao;
		};
/* End PBXContainerItemProxy section */

/* Begin PBXCopyFilesBuildPhase section */
		2D5A28B518CDDF7700AF781D /* CopyFiles */ = {
			isa = PBXCopyFilesBuildPhase;
			buildActionMask = 2147483647;
			dstPath = "include/$(PRODUCT_NAME)";
			dstSubfolderSpec = 16;
			files = (
				2D5A28C018CDDF7700AF781D /* linsanBaobao.h in CopyFiles */,
			);
			runOnlyForDeploymentPostprocessing = 0;
		};
/* End PBXCopyFilesBuildPhase section */

/* Begin PBXFileReference section */
		2D5A28B718CDDF7700AF781D /* liblinsanBaobao.a */ = {isa = PBXFileReference; explicitFileType = archive.ar; includeInIndex = 0; path = liblinsanBaobao.a; sourceTree = BUILT_PRODUCTS_DIR; };
		2D5A28BA18CDDF7700AF781D /* Foundation.framework */ = {isa = PBXFileReference; lastKnownFileType = wrapper.framework; name = Foundation.framework; path = System/Library/Frameworks/Foundation.framework; sourceTree = SDKROOT; };
		2D5A28BE18CDDF7700AF781D /* linsanBaobao-Prefix.pch */ = {isa = PBXFileReference; lastKnownFileType = sourcecode.c.h; path = "linsanBaobao-Prefix.pch"; sourceTree = "<group>"; };
		2D5A28BF18CDDF7700AF781D /* linsanBaobao.h */ = {isa = PBXFileReference; lastKnownFileType = sourcecode.c.h; path = linsanBaobao.h; sourceTree = "<group>"; };
		2D5A28C118CDDF7700AF781D /* linsanBaobao.m */ = {isa = PBXFileReference; lastKnownFileType = sourcecode.c.objc; path = linsanBaobao.m; sourceTree = "<group>"; };
		2D5A28C718CDDF7700AF781D /* linsanBaobaoTests.xctest */ = {isa = PBXFileReference; explicitFileType = wrapper.cfbundle; includeInIndex = 0; path = linsanBaobaoTests.xctest; sourceTree = BUILT_PRODUCTS_DIR; };
		2D5A28C818CDDF7700AF781D /* XCTest.framework */ = {isa = PBXFileReference; lastKnownFileType = wrapper.framework; name = XCTest.framework; path = Library/Frameworks/XCTest.framework; sourceTree = DEVELOPER_DIR; };
		2D5A28CB18CDDF7700AF781D /* UIKit.framework */ = {isa = PBXFileReference; lastKnownFileType = wrapper.framework; name = UIKit.framework; path = Library/Frameworks/UIKit.framework; sourceTree = DEVELOPER_DIR; };
		2D5A28D218CDDF7700AF781D /* linsanBaobaoTests-Info.plist */ = {isa = PBXFileReference; lastKnownFileType = text.plist.xml; path = "linsanBaobaoTests-Info.plist"; sourceTree = "<group>"; };
		2D5A28D418CDDF7700AF781D /* en */ = {isa = PBXFileReference; lastKnownFileType = text.plist.strings; name = en; path = en.lproj/InfoPlist.strings; sourceTree = "<group>"; };
		2D5A28D618CDDF7700AF781D /* linsanBaobaoTests.m */ = {isa = PBXFileReference; lastKnownFileType = sourcecode.c.objc; path = linsanBaobaoTests.m; sourceTree = "<group>"; };
/* End PBXFileReference section */

/* Begin PBXFrameworksBuildPhase section */
		2D5A28B418CDDF7700AF781D /* Frameworks */ = {
			isa = PBXFrameworksBuildPhase;
			buildActionMask = 2147483647;
			files = (
				2D5A28BB18CDDF7700AF781D /* Foundation.framework in Frameworks */,
			);
			runOnlyForDeploymentPostprocessing = 0;
		};
		2D5A28C418CDDF7700AF781D /* Frameworks */ = {
			isa = PBXFrameworksBuildPhase;
			buildActionMask = 2147483647;
			files = (
				2D5A28CF18CDDF7700AF781D /* liblinsanBaobao.a in Frameworks */,
				2D5A28C918CDDF7700AF781D /* XCTest.framework in Frameworks */,
				2D5A28CC18CDDF7700AF781D /* UIKit.framework in Frameworks */,
				2D5A28CA18CDDF7700AF781D /* Foundation.framework in Frameworks */,
			);
			runOnlyForDeploymentPostprocessing = 0;
		};
/* End PBXFrameworksBuildPhase section */

/* Begin PBXGroup section */
		2D5A28AE18CDDF7700AF781D = {
			isa = PBXGroup;
			children = (
				2D5A28BC18CDDF7700AF781D /* linsanBaobao */,
				2D5A28D018CDDF7700AF781D /* linsanBaobaoTests */,
				2D5A28B918CDDF7700AF781D /* Frameworks */,
				2D5A28B818CDDF7700AF781D /* Products */,
			);
			sourceTree = "<group>";
		};
		2D5A28B818CDDF7700AF781D /* Products */ = {
			isa = PBXGroup;
			children = (
				2D5A28B718CDDF7700AF781D /* liblinsanBaobao.a */,
				2D5A28C718CDDF7700AF781D /* linsanBaobaoTests.xctest */,
			);
			name = Products;
			sourceTree = "<group>";
		};
		2D5A28B918CDDF7700AF781D /* Frameworks */ = {
			isa = PBXGroup;
			children = (
				2D5A28BA18CDDF7700AF781D /* Foundation.framework */,
				2D5A28C818CDDF7700AF781D /* XCTest.framework */,
				2D5A28CB18CDDF7700AF781D /* UIKit.framework */,
			);
			name = Frameworks;
			sourceTree = "<group>";
		};
		2D5A28BC18CDDF7700AF781D /* linsanBaobao */ = {
			isa = PBXGroup;
			children = (
				2D5A28BF18CDDF7700AF781D /* linsanBaobao.h */,
				2D5A28C118CDDF7700AF781D /* linsanBaobao.m */,
				2D5A28BD18CDDF7700AF781D /* Supporting Files */,
			);
			path = linsanBaobao;
			sourceTree = "<group>";
		};
		2D5A28BD18CDDF7700AF781D /* Supporting Files */ = {
			isa = PBXGroup;
			children = (
				2D5A28BE18CDDF7700AF781D /* linsanBaobao-Prefix.pch */,
			);
			name = "Supporting Files";
			sourceTree = "<group>";
		};
		2D5A28D018CDDF7700AF781D /* linsanBaobaoTests */ = {
			isa = PBXGroup;
			children = (
				2D5A28D618CDDF7700AF781D /* linsanBaobaoTests.m */,
				2D5A28D118CDDF7700AF781D /* Supporting Files */,
			);
			path = linsanBaobaoTests;
			sourceTree = "<group>";
		};
		2D5A28D118CDDF7700AF781D /* Supporting Files */ = {
			isa = PBXGroup;
			children = (
				2D5A28D218CDDF7700AF781D /* linsanBaobaoTests-Info.plist */,
				2D5A28D318CDDF7700AF781D /* InfoPlist.strings */,
			);
			name = "Supporting Files";
			sourceTree = "<group>";
		};
/* End PBXGroup section */

/* Begin PBXNativeTarget section */
		2D5A28B618CDDF7700AF781D /* linsanBaobao */ = {
			isa = PBXNativeTarget;
			buildConfigurationList = 2D5A28DA18CDDF7700AF781D /* Build configuration list for PBXNativeTarget "linsanBaobao" */;
			buildPhases = (
				2D5A28B318CDDF7700AF781D /* Sources */,
				2D5A28B418CDDF7700AF781D /* Frameworks */,
				2D5A28B518CDDF7700AF781D /* CopyFiles */,
			);
			buildRules = (
			);
			dependencies = (
			);
			name = linsanBaobao;
			productName = linsanBaobao;
			productReference = 2D5A28B718CDDF7700AF781D /* liblinsanBaobao.a */;
			productType = "com.apple.product-type.library.static";
		};
		2D5A28C618CDDF7700AF781D /* linsanBaobaoTests */ = {
			isa = PBXNativeTarget;
			buildConfigurationList = 2D5A28DD18CDDF7700AF781D /* Build configuration list for PBXNativeTarget "linsanBaobaoTests" */;
			buildPhases = (
				2D5A28C318CDDF7700AF781D /* Sources */,
				2D5A28C418CDDF7700AF781D /* Frameworks */,
				2D5A28C518CDDF7700AF781D /* Resources */,
			);
			buildRules = (
			);
			dependencies = (
				2D5A28CE18CDDF7700AF781D /* PBXTargetDependency */,
			);
			name = linsanBaobaoTests;
			productName = linsanBaobaoTests;
			productReference = 2D5A28C718CDDF7700AF781D /* linsanBaobaoTests.xctest */;
			productType = "com.apple.product-type.bundle.unit-test";
		};
/* End PBXNativeTarget section */

/* Begin PBXProject section */
		2D5A28AF18CDDF7700AF781D /* Project object */ = {
			isa = PBXProject;
			attributes = {
				LastUpgradeCheck = 0500;
				ORGANIZATIONNAME = linsan;
			};
			buildConfigurationList = 2D5A28B218CDDF7700AF781D /* Build configuration list for PBXProject "linsanBaobao" */;
			compatibilityVersion = "Xcode 3.2";
			developmentRegion = English;
			hasScannedForEncodings = 0;
			knownRegions = (
				en,
			);
			mainGroup = 2D5A28AE18CDDF7700AF781D;
			productRefGroup = 2D5A28B818CDDF7700AF781D /* Products */;
			projectDirPath = "";
			projectRoot = "";
			targets = (
				2D5A28B618CDDF7700AF781D /* linsanBaobao */,
				2D5A28C618CDDF7700AF781D /* linsanBaobaoTests */,
			);
		};
/* End PBXProject section */

/* Begin PBXResourcesBuildPhase section */
		2D5A28C518CDDF7700AF781D /* Resources */ = {
			isa = PBXResourcesBuildPhase;
			buildActionMask = 2147483647;
			files = (
				2D5A28D518CDDF7700AF781D /* InfoPlist.strings in Resources */,
			);
			runOnlyForDeploymentPostprocessing = 0;
		};
/* End PBXResourcesBuildPhase section */

/* Begin PBXSourcesBuildPhase section */
		2D5A28B318CDDF7700AF781D /* Sources */ = {
			isa = PBXSourcesBuildPhase;
			buildActionMask = 2147483647;
			files = (
				2D5A28C218CDDF7700AF781D /* linsanBaobao.m in Sources */,
			);
			runOnlyForDeploymentPostprocessing = 0;
		};
		2D5A28C318CDDF7700AF781D /* Sources */ = {
			isa = PBXSourcesBuildPhase;
			buildActionMask = 2147483647;
			files = (
				2D5A28D718CDDF7700AF781D /* linsanBaobaoTests.m in Sources */,
			);
			runOnlyForDeploymentPostprocessing = 0;
		};
/* End PBXSourcesBuildPhase section */

/* Begin PBXTargetDependency section */
		2D5A28CE18CDDF7700AF781D /* PBXTargetDependency */ = {
			isa = PBXTargetDependency;
			target = 2D5A28B618CDDF7700AF781D /* linsanBaobao */;
			targetProxy = 2D5A28CD18CDDF7700AF781D /* PBXContainerItemProxy */;
		};
/* End PBXTargetDependency section */

/* Begin PBXVariantGroup section */
		2D5A28D318CDDF7700AF781D /* InfoPlist.strings */ = {
			isa = PBXVariantGroup;
			children = (
				2D5A28D418CDDF7700AF781D /* en */,
			);
			name = InfoPlist.strings;
			sourceTree = "<group>";
		};
/* End PBXVariantGroup section */

/* Begin XCBuildConfiguration section */
		2D5A28D818CDDF7700AF781D /* Debug */ = {
			isa = XCBuildConfiguration;
			buildSettings = {
				ALWAYS_SEARCH_USER_PATHS = NO;
				ARCHS = "$(ARCHS_STANDARD_INCLUDING_64_BIT)";
				CLANG_CXX_LANGUAGE_STANDARD = "gnu++0x";
				CLANG_CXX_LIBRARY = "libc++";
				CLANG_ENABLE_MODULES = YES;
				CLANG_ENABLE_OBJC_ARC = YES;
				CLANG_WARN_BOOL_CONVERSION = YES;
				CLANG_WARN_CONSTANT_CONVERSION = YES;
				CLANG_WARN_DIRECT_OBJC_ISA_USAGE = YES_ERROR;
				CLANG_WARN_EMPTY_BODY = YES;
				CLANG_WARN_ENUM_CONVERSION = YES;
				CLANG_WARN_INT_CONVERSION = YES;
				CLANG_WARN_OBJC_ROOT_CLASS = YES_ERROR;
				CLANG_WARN__DUPLICATE_METHOD_MATCH = YES;
				COPY_PHASE_STRIP = NO;
				GCC_C_LANGUAGE_STANDARD = gnu99;
				GCC_DYNAMIC_NO_PIC = NO;
				GCC_OPTIMIZATION_LEVEL = 0;
				GCC_PREPROCESSOR_DEFINITIONS = (
					"DEBUG=1",
					"$(inherited)",
				);
				GCC_SYMBOLS_PRIVATE_EXTERN = NO;
				GCC_WARN_64_TO_32_BIT_CONVERSION = YES;
				GCC_WARN_ABOUT_RETURN_TYPE = YES_ERROR;
				GCC_WARN_UNDECLARED_SELECTOR = YES;
				GCC_WARN_UNINITIALIZED_AUTOS = YES;
				GCC_WARN_UNUSED_FUNCTION = YES;
				GCC_WARN_UNUSED_VARIABLE = YES;
				IPHONEOS_DEPLOYMENT_TARGET = 7.0;
				ONLY_ACTIVE_ARCH = YES;
				SDKROOT = iphoneos;
			};
			name = Debug;
		};
		2D5A28D918CDDF7700AF781D /* Release */ = {
			isa = XCBuildConfiguration;
			buildSettings = {
				ALWAYS_SEARCH_USER_PATHS = NO;
				ARCHS = "$(ARCHS_STANDARD_INCLUDING_64_BIT)";
				CLANG_CXX_LANGUAGE_STANDARD = "gnu++0x";
				CLANG_CXX_LIBRARY = "libc++";
				CLANG_ENABLE_MODULES = YES;
				CLANG_ENABLE_OBJC_ARC = YES;
				CLANG_WARN_BOOL_CONVERSION = YES;
				CLANG_WARN_CONSTANT_CONVERSION = YES;
				CLANG_WARN_DIRECT_OBJC_ISA_USAGE = YES_ERROR;
				CLANG_WARN_EMPTY_BODY = YES;
				CLANG_WARN_ENUM_CONVERSION = YES;
				CLANG_WARN_INT_CONVERSION = YES;
				CLANG_WARN_OBJC_ROOT_CLASS = YES_ERROR;
				CLANG_WARN__DUPLICATE_METHOD_MATCH = YES;
				COPY_PHASE_STRIP = YES;
				ENABLE_NS_ASSERTIONS = NO;
				GCC_C_LANGUAGE_STANDARD = gnu99;
				GCC_WARN_64_TO_32_BIT_CONVERSION = YES;
				GCC_WARN_ABOUT_RETURN_TYPE = YES_ERROR;
				GCC_WARN_UNDECLARED_SELECTOR = YES;
				GCC_WARN_UNINITIALIZED_AUTOS = YES;
				GCC_WARN_UNUSED_FUNCTION = YES;
				GCC_WARN_UNUSED_VARIABLE = YES;
				IPHONEOS_DEPLOYMENT_TARGET = 7.0;
				SDKROOT = iphoneos;
				VALIDATE_PRODUCT = YES;
			};
			name = Release;
		};
		2D5A28DB18CDDF7700AF781D /* Debug */ = {
			isa = XCBuildConfiguration;
			buildSettings = {
				DSTROOT = /tmp/linsanBaobao.dst;
				GCC_PRECOMPILE_PREFIX_HEADER = YES;
				GCC_PREFIX_HEADER = "linsanBaobao/linsanBaobao-Prefix.pch";
				OTHER_LDFLAGS = "-ObjC";
				PRODUCT_NAME = "$(TARGET_NAME)";
				SKIP_INSTALL = YES;
			};
			name = Debug;
		};
		2D5A28DC18CDDF7700AF781D /* Release */ = {
			isa = XCBuildConfiguration;
			buildSettings = {
				DSTROOT = /tmp/linsanBaobao.dst;
				GCC_PRECOMPILE_PREFIX_HEADER = YES;
				GCC_PREFIX_HEADER = "linsanBaobao/linsanBaobao-Prefix.pch";
				OTHER_LDFLAGS = "-ObjC";
				PRODUCT_NAME = "$(TARGET_NAME)";
				SKIP_INSTALL = YES;
			};
			name = Release;
		};
		2D5A28DE18CDDF7700AF781D /* Debug */ = {
			isa = XCBuildConfiguration;
			buildSettings = {
				ARCHS = "$(ARCHS_STANDARD_INCLUDING_64_BIT)";
				FRAMEWORK_SEARCH_PATHS = (
					"$(SDKROOT)/Developer/Library/Frameworks",
					"$(inherited)",
					"$(DEVELOPER_FRAMEWORKS_DIR)",
				);
				GCC_PRECOMPILE_PREFIX_HEADER = YES;
				GCC_PREFIX_HEADER = "linsanBaobao/linsanBaobao-Prefix.pch";
				GCC_PREPROCESSOR_DEFINITIONS = (
					"DEBUG=1",
					"$(inherited)",
				);
				INFOPLIST_FILE = "linsanBaobaoTests/linsanBaobaoTests-Info.plist";
				PRODUCT_NAME = "$(TARGET_NAME)";
				WRAPPER_EXTENSION = xctest;
			};
			name = Debug;
		};
		2D5A28DF18CDDF7700AF781D /* Release */ = {
			isa = XCBuildConfiguration;
			buildSettings = {
				ARCHS = "$(ARCHS_STANDARD_INCLUDING_64_BIT)";
				FRAMEWORK_SEARCH_PATHS = (
					"$(SDKROOT)/Developer/Library/Frameworks",
					"$(inherited)",
					"$(DEVELOPER_FRAMEWORKS_DIR)",
				);
				GCC_PRECOMPILE_PREFIX_HEADER = YES;
				GCC_PREFIX_HEADER = "linsanBaobao/linsanBaobao-Prefix.pch";
				INFOPLIST_FILE = "linsanBaobaoTests/linsanBaobaoTests-Info.plist";
				PRODUCT_NAME = "$(TARGET_NAME)";
				WRAPPER_EXTENSION = xctest;
			};
			name = Release;
		};
/* End XCBuildConfiguration section */

/* Begin XCConfigurationList section */
		2D5A28B218CDDF7700AF781D /* Build configuration list for PBXProject "linsanBaobao" */ = {
			isa = XCConfigurationList;
			buildConfigurations = (
				2D5A28D818CDDF7700AF781D /* Debug */,
				2D5A28D918CDDF7700AF781D /* Release */,
			);
			defaultConfigurationIsVisible = 0;
			defaultConfigurationName = Release;
		};
		2D5A28DA18CDDF7700AF781D /* Build configuration list for PBXNativeTarget "linsanBaobao" */ = {
			isa = XCConfigurationList;
			buildConfigurations = (
				2D5A28DB18CDDF7700AF781D /* Debug */,
				2D5A28DC18CDDF7700AF781D /* Release */,
			);
			defaultConfigurationIsVisible = 0;
		};
		2D5A28DD18CDDF7700AF781D /* Build configuration list for PBXNativeTarget "linsanBaobaoTests" */ = {
			isa = XCConfigurationList;
			buildConfigurations = (
				2D5A28DE18CDDF7700AF781D /* Debug */,
				2D5A28DF18CDDF7700AF781D /* Release */,
			);
			defaultConfigurationIsVisible = 0;
		};
/* End XCConfigurationList section */
	};
	rootObject = 2D5A28AF18CDDF7700AF781D /* Project object */;
}
